
Microsoft Visual Studio Solution File, Format Version 12.00
# Visual Studio 15
VisualStudioVersion = 15.0.28307.572
MinimumVisualStudioVersion = 10.0.40219.1
Project("{FAE04EC0-301F-11D3-BF4B-00C04F79EFBC}") = "Läxa01", "Läxa01\Läxa01.csproj", "{5425C89D-8C8C-4D50-9DFF-89567D115F36}"
EndProject
Global
	GlobalSection(SolutionConfigurationPlatforms) = preSolution
		Debug|Any CPU = Debug|Any CPU
		Release|Any CPU = Release|Any CPU
	EndGlobalSection
	GlobalSection(ProjectConfigurationPlatforms) = postSolution
		{5425C89D-8C8C-4D50-9DFF-89567D115F36}.Debug|Any CPU.ActiveCfg = Debug|Any CPU
		{5425C89D-8C8C-4D50-9DFF-89567D115F36}.Debug|Any CPU.Build.0 = Debug|Any CPU
		{5425C89D-8C8C-4D50-9DFF-89567D115F36}.Release|Any CPU.ActiveCfg = Release|Any CPU
		{5425C89D-8C8C-4D50-9DFF-89567D115F36}.Release|Any CPU.Build.0 = Release|Any CPU
	EndGlobalSection
	GlobalSection(SolutionProperties) = preSolution
		HideSolutionNode = FALSE
	EndGlobalSection
	GlobalSection(ExtensibilityGlobals) = postSolution
		SolutionGuid = {ACF87C9C-FB54-429B-A043-6CB3926A3A70}
	EndGlobalSection
EndGlobal
